
Microsoft Visual Studio Solution File, Format Version 12.00
# Visual Studio 15
VisualStudioVersion = 15.0.26228.4
MinimumVisualStudioVersion = 10.0.40219.1
Project("{2150E333-8FDC-42A3-9474-1A3956D46DE8}") = "SampleUnitTestTargets", "SampleUnitTestTargets", "{8F025D9B-43D5-492C-8540-CBA15B4FF0F9}"
EndProject
Project("{FAE04EC0-301F-11D3-BF4B-00C04F79EFBC}") = "UnitTestsWithLogicHarness", "UnitTestsWithLogicHarness\UnitTestsWithLogicHarness.csproj", "{BCC07FB3-23B1-4C71-A31D-71D122353A6A}"
EndProject
Project("{FAE04EC0-301F-11D3-BF4B-00C04F79EFBC}") = "UnitTestsWithMagicNumbersHarness", "UnitTestsWithMagicNumbersHarness\UnitTestsWithMagicNumbersHarness.csproj", "{15D8B21E-23FB-4F64-94AC-BBADF211E201}"
EndProject
Project("{9A19103F-16F7-4668-BE54-9A1E7A4F7556}") = "CSharpUnitTestLint.CommandLine", "CSharpUnitTestLint.CommandLine\CSharpUnitTestLint.CommandLine.csproj", "{90AF4F7F-240C-4AA4-B696-9630E6117D3E}"
EndProject
Project("{9A19103F-16F7-4668-BE54-9A1E7A4F7556}") = "CSharpUnitTestLint.VisualStudio", "CSharpUnitTestLint.VisualStudio\CSharpUnitTestLint.VisualStudio\CSharpUnitTestLint.VisualStudio.csproj", "{4B2A2F3E-B665-40BC-B4E9-30B57E8CAA7D}"
EndProject
Project("{9A19103F-16F7-4668-BE54-9A1E7A4F7556}") = "CSharpUnitTestLint.VisualStudio.Test", "CSharpUnitTestLint.VisualStudio\CSharpUnitTestLint.VisualStudio.Test\CSharpUnitTestLint.VisualStudio.Test.csproj", "{58C962D8-A9E3-43F3-8CA5-CCB8E80687D2}"
EndProject
Project("{FAE04EC0-301F-11D3-BF4B-00C04F79EFBC}") = "CSharpUnitTestLint.VisualStudio.Vsix", "CSharpUnitTestLint.VisualStudio\CSharpUnitTestLint.VisualStudio.Vsix\CSharpUnitTestLint.VisualStudio.Vsix.csproj", "{E72B2434-36F6-4987-A8CD-2A4416CB6A65}"
EndProject
Project("{FAE04EC0-301F-11D3-BF4B-00C04F79EFBC}") = "CSharpUnitTestLint.AnalyzerRules", "CSharpUnitTestLint.AnalyzerRules\CSharpUnitTestLint.AnalyzerRules.csproj", "{CA8F408A-FF8F-44C8-83D3-3B8FB02BA40B}"
EndProject
Global
	GlobalSection(SolutionConfigurationPlatforms) = preSolution
		Debug|Any CPU = Debug|Any CPU
		Debug|x86 = Debug|x86
		Release|Any CPU = Release|Any CPU
		Release|x86 = Release|x86
	EndGlobalSection
	GlobalSection(ProjectConfigurationPlatforms) = postSolution
		{BCC07FB3-23B1-4C71-A31D-71D122353A6A}.Debug|Any CPU.ActiveCfg = Debug|Any CPU
		{BCC07FB3-23B1-4C71-A31D-71D122353A6A}.Debug|Any CPU.Build.0 = Debug|Any CPU
		{BCC07FB3-23B1-4C71-A31D-71D122353A6A}.Debug|x86.ActiveCfg = Debug|Any CPU
		{BCC07FB3-23B1-4C71-A31D-71D122353A6A}.Debug|x86.Build.0 = Debug|Any CPU
		{BCC07FB3-23B1-4C71-A31D-71D122353A6A}.Release|Any CPU.ActiveCfg = Release|Any CPU
		{BCC07FB3-23B1-4C71-A31D-71D122353A6A}.Release|Any CPU.Build.0 = Release|Any CPU
		{BCC07FB3-23B1-4C71-A31D-71D122353A6A}.Release|x86.ActiveCfg = Release|Any CPU
		{BCC07FB3-23B1-4C71-A31D-71D122353A6A}.Release|x86.Build.0 = Release|Any CPU
		{15D8B21E-23FB-4F64-94AC-BBADF211E201}.Debug|Any CPU.ActiveCfg = Debug|Any CPU
		{15D8B21E-23FB-4F64-94AC-BBADF211E201}.Debug|Any CPU.Build.0 = Debug|Any CPU
		{15D8B21E-23FB-4F64-94AC-BBADF211E201}.Debug|x86.ActiveCfg = Debug|Any CPU
		{15D8B21E-23FB-4F64-94AC-BBADF211E201}.Debug|x86.Build.0 = Debug|Any CPU
		{15D8B21E-23FB-4F64-94AC-BBADF211E201}.Release|Any CPU.ActiveCfg = Release|Any CPU
		{15D8B21E-23FB-4F64-94AC-BBADF211E201}.Release|Any CPU.Build.0 = Release|Any CPU
		{15D8B21E-23FB-4F64-94AC-BBADF211E201}.Release|x86.ActiveCfg = Release|Any CPU
		{15D8B21E-23FB-4F64-94AC-BBADF211E201}.Release|x86.Build.0 = Release|Any CPU
		{90AF4F7F-240C-4AA4-B696-9630E6117D3E}.Debug|Any CPU.ActiveCfg = Debug|Any CPU
		{90AF4F7F-240C-4AA4-B696-9630E6117D3E}.Debug|Any CPU.Build.0 = Debug|Any CPU
		{90AF4F7F-240C-4AA4-B696-9630E6117D3E}.Debug|x86.ActiveCfg = Debug|Any CPU
		{90AF4F7F-240C-4AA4-B696-9630E6117D3E}.Debug|x86.Build.0 = Debug|Any CPU
		{90AF4F7F-240C-4AA4-B696-9630E6117D3E}.Release|Any CPU.ActiveCfg = Release|Any CPU
		{90AF4F7F-240C-4AA4-B696-9630E6117D3E}.Release|Any CPU.Build.0 = Release|Any CPU
		{90AF4F7F-240C-4AA4-B696-9630E6117D3E}.Release|x86.ActiveCfg = Release|Any CPU
		{90AF4F7F-240C-4AA4-B696-9630E6117D3E}.Release|x86.Build.0 = Release|Any CPU
		{4B2A2F3E-B665-40BC-B4E9-30B57E8CAA7D}.Debug|Any CPU.ActiveCfg = Debug|Any CPU
		{4B2A2F3E-B665-40BC-B4E9-30B57E8CAA7D}.Debug|Any CPU.Build.0 = Debug|Any CPU
		{4B2A2F3E-B665-40BC-B4E9-30B57E8CAA7D}.Debug|x86.ActiveCfg = Debug|Any CPU
		{4B2A2F3E-B665-40BC-B4E9-30B57E8CAA7D}.Debug|x86.Build.0 = Debug|Any CPU
		{4B2A2F3E-B665-40BC-B4E9-30B57E8CAA7D}.Release|Any CPU.ActiveCfg = Release|Any CPU
		{4B2A2F3E-B665-40BC-B4E9-30B57E8CAA7D}.Release|Any CPU.Build.0 = Release|Any CPU
		{4B2A2F3E-B665-40BC-B4E9-30B57E8CAA7D}.Release|x86.ActiveCfg = Release|Any CPU
		{4B2A2F3E-B665-40BC-B4E9-30B57E8CAA7D}.Release|x86.Build.0 = Release|Any CPU
		{58C962D8-A9E3-43F3-8CA5-CCB8E80687D2}.Debug|Any CPU.ActiveCfg = Debug|Any CPU
		{58C962D8-A9E3-43F3-8CA5-CCB8E80687D2}.Debug|Any CPU.Build.0 = Debug|Any CPU
		{58C962D8-A9E3-43F3-8CA5-CCB8E80687D2}.Debug|x86.ActiveCfg = Debug|Any CPU
		{58C962D8-A9E3-43F3-8CA5-CCB8E80687D2}.Debug|x86.Build.0 = Debug|Any CPU
		{58C962D8-A9E3-43F3-8CA5-CCB8E80687D2}.Release|Any CPU.ActiveCfg = Release|Any CPU
		{58C962D8-A9E3-43F3-8CA5-CCB8E80687D2}.Release|Any CPU.Build.0 = Release|Any CPU
		{58C962D8-A9E3-43F3-8CA5-CCB8E80687D2}.Release|x86.ActiveCfg = Release|Any CPU
		{58C962D8-A9E3-43F3-8CA5-CCB8E80687D2}.Release|x86.Build.0 = Release|Any CPU
		{E72B2434-36F6-4987-A8CD-2A4416CB6A65}.Debug|Any CPU.ActiveCfg = Debug|Any CPU
		{E72B2434-36F6-4987-A8CD-2A4416CB6A65}.Debug|Any CPU.Build.0 = Debug|Any CPU
		{E72B2434-36F6-4987-A8CD-2A4416CB6A65}.Debug|x86.ActiveCfg = Debug|Any CPU
		{E72B2434-36F6-4987-A8CD-2A4416CB6A65}.Debug|x86.Build.0 = Debug|Any CPU
		{E72B2434-36F6-4987-A8CD-2A4416CB6A65}.Release|Any CPU.ActiveCfg = Release|Any CPU
		{E72B2434-36F6-4987-A8CD-2A4416CB6A65}.Release|Any CPU.Build.0 = Release|Any CPU
		{E72B2434-36F6-4987-A8CD-2A4416CB6A65}.Release|x86.ActiveCfg = Release|Any CPU
		{E72B2434-36F6-4987-A8CD-2A4416CB6A65}.Release|x86.Build.0 = Release|Any CPU
		{CA8F408A-FF8F-44C8-83D3-3B8FB02BA40B}.Debug|Any CPU.ActiveCfg = Debug|Any CPU
		{CA8F408A-FF8F-44C8-83D3-3B8FB02BA40B}.Debug|Any CPU.Build.0 = Debug|Any CPU
		{CA8F408A-FF8F-44C8-83D3-3B8FB02BA40B}.Debug|x86.ActiveCfg = Debug|Any CPU
		{CA8F408A-FF8F-44C8-83D3-3B8FB02BA40B}.Debug|x86.Build.0 = Debug|Any CPU
		{CA8F408A-FF8F-44C8-83D3-3B8FB02BA40B}.Release|Any CPU.ActiveCfg = Release|Any CPU
		{CA8F408A-FF8F-44C8-83D3-3B8FB02BA40B}.Release|Any CPU.Build.0 = Release|Any CPU
		{CA8F408A-FF8F-44C8-83D3-3B8FB02BA40B}.Release|x86.ActiveCfg = Release|Any CPU
		{CA8F408A-FF8F-44C8-83D3-3B8FB02BA40B}.Release|x86.Build.0 = Release|Any CPU
	EndGlobalSection
	GlobalSection(SolutionProperties) = preSolution
		HideSolutionNode = FALSE
	EndGlobalSection
	GlobalSection(NestedProjects) = preSolution
		{BCC07FB3-23B1-4C71-A31D-71D122353A6A} = {8F025D9B-43D5-492C-8540-CBA15B4FF0F9}
		{15D8B21E-23FB-4F64-94AC-BBADF211E201} = {8F025D9B-43D5-492C-8540-CBA15B4FF0F9}
	EndGlobalSection
	GlobalSection(ExtensibilityGlobals) = postSolution
		SolutionGuid = {5D9082C9-343E-4605-A037-7ECE432A89AA}
	EndGlobalSection
EndGlobal
