
Microsoft Visual Studio Solution File, Format Version 12.00
# Visual Studio 15
VisualStudioVersion = 15.0.26228.4
MinimumVisualStudioVersion = 10.0.40219.1
Project("{2150E333-8FDC-42A3-9474-1A3956D46DE8}") = "SampleUnitTestTargets", "SampleUnitTestTargets", "{8F025D9B-43D5-492C-8540-CBA15B4FF0F9}"
EndProject
Project("{FAE04EC0-301F-11D3-BF4B-00C04F79EFBC}") = "UnitTestsWithLogicHarness", "UnitTestsWithLogicHarness\UnitTestsWithLogicHarness.csproj", "{BCC07FB3-23B1-4C71-A31D-71D122353A6A}"
EndProject
Project("{FAE04EC0-301F-11D3-BF4B-00C04F79EFBC}") = "UnitTestsWithMagicNumbersHarness", "UnitTestsWithMagicNumbersHarness\UnitTestsWithMagicNumbersHarness.csproj", "{15D8B21E-23FB-4F64-94AC-BBADF211E201}"
EndProject
Project("{FAE04EC0-301F-11D3-BF4B-00C04F79EFBC}") = "CSharpUnitTestLint.AnalyzerRules", "CSharpUnitTestLint.AnalyzerRules\CSharpUnitTestLint.AnalyzerRules.csproj", "{D1CE694E-DEF5-4315-97C9-91F5B3B311B7}"
EndProject
Project("{FAE04EC0-301F-11D3-BF4B-00C04F79EFBC}") = "CSharpUnitTestLint.AnalyzerRules.xUnitTests", "CSharpUnitTestLint.AnalyzerRules.xUnitTests\CSharpUnitTestLint.AnalyzerRules.xUnitTests.csproj", "{2706BB1E-705C-4863-97ED-E9563F421FF8}"
EndProject
Project("{FAE04EC0-301F-11D3-BF4B-00C04F79EFBC}") = "CSharpUnitTestLint.CommandLineAnalyzer", "CSharpUnitTestLint.CommandLineAnalyzer\CSharpUnitTestLint.CommandLineAnalyzer.csproj", "{85F59417-8F5A-4E15-A361-2F9F0168CCAD}"
EndProject
Project("{FAE04EC0-301F-11D3-BF4B-00C04F79EFBC}") = "CSharpUnitTestLint.SolutionAnalyzerDriver", "CSharpUnitTestLint.SolutionAnalyzerDriver\CSharpUnitTestLint.SolutionAnalyzerDriver.csproj", "{9DD603F1-5450-4284-AF0A-FC49090B2D83}"
EndProject
Project("{FAE04EC0-301F-11D3-BF4B-00C04F79EFBC}") = "CSharpUnitTestLint.SolutionAnalyzerDriver.xUnitTests", "CSharpUnitTestLint.SolutionAnalyzerDriver.xUnitTests\CSharpUnitTestLint.SolutionAnalyzerDriver.xUnitTests.csproj", "{16D13D8E-2605-4BB3-B58B-E12B9533664D}"
EndProject
Global
	GlobalSection(SolutionConfigurationPlatforms) = preSolution
		Debug|Any CPU = Debug|Any CPU
		Debug|x86 = Debug|x86
		Release|Any CPU = Release|Any CPU
		Release|x86 = Release|x86
	EndGlobalSection
	GlobalSection(ProjectConfigurationPlatforms) = postSolution
		{BCC07FB3-23B1-4C71-A31D-71D122353A6A}.Debug|Any CPU.ActiveCfg = Debug|Any CPU
		{BCC07FB3-23B1-4C71-A31D-71D122353A6A}.Debug|Any CPU.Build.0 = Debug|Any CPU
		{BCC07FB3-23B1-4C71-A31D-71D122353A6A}.Debug|x86.ActiveCfg = Debug|Any CPU
		{BCC07FB3-23B1-4C71-A31D-71D122353A6A}.Debug|x86.Build.0 = Debug|Any CPU
		{BCC07FB3-23B1-4C71-A31D-71D122353A6A}.Release|Any CPU.ActiveCfg = Release|Any CPU
		{BCC07FB3-23B1-4C71-A31D-71D122353A6A}.Release|Any CPU.Build.0 = Release|Any CPU
		{BCC07FB3-23B1-4C71-A31D-71D122353A6A}.Release|x86.ActiveCfg = Release|Any CPU
		{BCC07FB3-23B1-4C71-A31D-71D122353A6A}.Release|x86.Build.0 = Release|Any CPU
		{15D8B21E-23FB-4F64-94AC-BBADF211E201}.Debug|Any CPU.ActiveCfg = Debug|Any CPU
		{15D8B21E-23FB-4F64-94AC-BBADF211E201}.Debug|Any CPU.Build.0 = Debug|Any CPU
		{15D8B21E-23FB-4F64-94AC-BBADF211E201}.Debug|x86.ActiveCfg = Debug|Any CPU
		{15D8B21E-23FB-4F64-94AC-BBADF211E201}.Debug|x86.Build.0 = Debug|Any CPU
		{15D8B21E-23FB-4F64-94AC-BBADF211E201}.Release|Any CPU.ActiveCfg = Release|Any CPU
		{15D8B21E-23FB-4F64-94AC-BBADF211E201}.Release|Any CPU.Build.0 = Release|Any CPU
		{15D8B21E-23FB-4F64-94AC-BBADF211E201}.Release|x86.ActiveCfg = Release|Any CPU
		{15D8B21E-23FB-4F64-94AC-BBADF211E201}.Release|x86.Build.0 = Release|Any CPU
		{D1CE694E-DEF5-4315-97C9-91F5B3B311B7}.Debug|Any CPU.ActiveCfg = Debug|Any CPU
		{D1CE694E-DEF5-4315-97C9-91F5B3B311B7}.Debug|Any CPU.Build.0 = Debug|Any CPU
		{D1CE694E-DEF5-4315-97C9-91F5B3B311B7}.Debug|x86.ActiveCfg = Debug|Any CPU
		{D1CE694E-DEF5-4315-97C9-91F5B3B311B7}.Debug|x86.Build.0 = Debug|Any CPU
		{D1CE694E-DEF5-4315-97C9-91F5B3B311B7}.Release|Any CPU.ActiveCfg = Release|Any CPU
		{D1CE694E-DEF5-4315-97C9-91F5B3B311B7}.Release|Any CPU.Build.0 = Release|Any CPU
		{D1CE694E-DEF5-4315-97C9-91F5B3B311B7}.Release|x86.ActiveCfg = Release|Any CPU
		{D1CE694E-DEF5-4315-97C9-91F5B3B311B7}.Release|x86.Build.0 = Release|Any CPU
		{2706BB1E-705C-4863-97ED-E9563F421FF8}.Debug|Any CPU.ActiveCfg = Debug|Any CPU
		{2706BB1E-705C-4863-97ED-E9563F421FF8}.Debug|Any CPU.Build.0 = Debug|Any CPU
		{2706BB1E-705C-4863-97ED-E9563F421FF8}.Debug|x86.ActiveCfg = Debug|Any CPU
		{2706BB1E-705C-4863-97ED-E9563F421FF8}.Debug|x86.Build.0 = Debug|Any CPU
		{2706BB1E-705C-4863-97ED-E9563F421FF8}.Release|Any CPU.ActiveCfg = Release|Any CPU
		{2706BB1E-705C-4863-97ED-E9563F421FF8}.Release|Any CPU.Build.0 = Release|Any CPU
		{2706BB1E-705C-4863-97ED-E9563F421FF8}.Release|x86.ActiveCfg = Release|Any CPU
		{2706BB1E-705C-4863-97ED-E9563F421FF8}.Release|x86.Build.0 = Release|Any CPU
		{85F59417-8F5A-4E15-A361-2F9F0168CCAD}.Debug|Any CPU.ActiveCfg = Debug|x86
		{85F59417-8F5A-4E15-A361-2F9F0168CCAD}.Debug|Any CPU.Build.0 = Debug|x86
		{85F59417-8F5A-4E15-A361-2F9F0168CCAD}.Debug|x86.ActiveCfg = Debug|x86
		{85F59417-8F5A-4E15-A361-2F9F0168CCAD}.Debug|x86.Build.0 = Debug|x86
		{85F59417-8F5A-4E15-A361-2F9F0168CCAD}.Release|Any CPU.ActiveCfg = Release|x86
		{85F59417-8F5A-4E15-A361-2F9F0168CCAD}.Release|x86.ActiveCfg = Release|x86
		{85F59417-8F5A-4E15-A361-2F9F0168CCAD}.Release|x86.Build.0 = Release|x86
		{9DD603F1-5450-4284-AF0A-FC49090B2D83}.Debug|Any CPU.ActiveCfg = Debug|Any CPU
		{9DD603F1-5450-4284-AF0A-FC49090B2D83}.Debug|Any CPU.Build.0 = Debug|Any CPU
		{9DD603F1-5450-4284-AF0A-FC49090B2D83}.Debug|x86.ActiveCfg = Debug|Any CPU
		{9DD603F1-5450-4284-AF0A-FC49090B2D83}.Debug|x86.Build.0 = Debug|Any CPU
		{9DD603F1-5450-4284-AF0A-FC49090B2D83}.Release|Any CPU.ActiveCfg = Release|Any CPU
		{9DD603F1-5450-4284-AF0A-FC49090B2D83}.Release|Any CPU.Build.0 = Release|Any CPU
		{9DD603F1-5450-4284-AF0A-FC49090B2D83}.Release|x86.ActiveCfg = Release|Any CPU
		{9DD603F1-5450-4284-AF0A-FC49090B2D83}.Release|x86.Build.0 = Release|Any CPU
		{16D13D8E-2605-4BB3-B58B-E12B9533664D}.Debug|Any CPU.ActiveCfg = Debug|Any CPU
		{16D13D8E-2605-4BB3-B58B-E12B9533664D}.Debug|Any CPU.Build.0 = Debug|Any CPU
		{16D13D8E-2605-4BB3-B58B-E12B9533664D}.Debug|x86.ActiveCfg = Debug|Any CPU
		{16D13D8E-2605-4BB3-B58B-E12B9533664D}.Debug|x86.Build.0 = Debug|Any CPU
		{16D13D8E-2605-4BB3-B58B-E12B9533664D}.Release|Any CPU.ActiveCfg = Release|Any CPU
		{16D13D8E-2605-4BB3-B58B-E12B9533664D}.Release|Any CPU.Build.0 = Release|Any CPU
		{16D13D8E-2605-4BB3-B58B-E12B9533664D}.Release|x86.ActiveCfg = Release|Any CPU
		{16D13D8E-2605-4BB3-B58B-E12B9533664D}.Release|x86.Build.0 = Release|Any CPU
	EndGlobalSection
	GlobalSection(SolutionProperties) = preSolution
		HideSolutionNode = FALSE
	EndGlobalSection
	GlobalSection(NestedProjects) = preSolution
		{BCC07FB3-23B1-4C71-A31D-71D122353A6A} = {8F025D9B-43D5-492C-8540-CBA15B4FF0F9}
		{15D8B21E-23FB-4F64-94AC-BBADF211E201} = {8F025D9B-43D5-492C-8540-CBA15B4FF0F9}
	EndGlobalSection
EndGlobal
